
Microsoft Visual Studio Solution File, Format Version 12.00
# Visual Studio Version 17
VisualStudioVersion = 17.12.35514.174
MinimumVisualStudioVersion = 10.0.40219.1
Project("{FAE04EC0-301F-11D3-BF4B-00C04F79EFBC}") = "Lekce4", "Lekce4\Lekce4.csproj", "{65FE1415-2488-4178-973D-2C6313598B03}"
EndProject
Project("{FAE04EC0-301F-11D3-BF4B-00C04F79EFBC}") = "Lekce5", "Lekce5\Lekce5.csproj", "{8081A1D7-DD87-4854-9A9E-F5C208054933}"
EndProject
Project("{FAE04EC0-301F-11D3-BF4B-00C04F79EFBC}") = "Lekce6", "Lekce6\Lekce6.csproj", "{143441F9-4BFB-4D36-9D5E-83CFF6F77DCC}"
EndProject
Project("{FAE04EC0-301F-11D3-BF4B-00C04F79EFBC}") = "Lekce7", "Lekce7\Lekce7.csproj", "{0022D6C0-64A1-4E8F-A770-FB2AA53A9ABF}"
EndProject
Project("{FAE04EC0-301F-11D3-BF4B-00C04F79EFBC}") = "Lekce8_namespace", "Lekce8_namespace\Lekce8_namespace.csproj", "{C7408811-9A30-4251-B8BC-DA50AA6B679C}"
EndProject
Project("{FAE04EC0-301F-11D3-BF4B-00C04F79EFBC}") = "Lekce8", "Lekce8\Lekce8.csproj", "{FFA9EDCA-F15E-4212-B022-8007358D721D}"
EndProject
Project("{FAE04EC0-301F-11D3-BF4B-00C04F79EFBC}") = "Lekce9.Workshop", "Lekce9.Workshop\Lekce9.Workshop.csproj", "{76F85D7A-F0D0-4B62-A786-7026C61BDFE4}"
EndProject
Project("{FAE04EC0-301F-11D3-BF4B-00C04F79EFBC}") = "Lekce10", "Lekce10\Lekce10.csproj", "{6126FA58-20BE-4492-B952-D58DD9FDFB55}"
EndProject
Project("{FAE04EC0-301F-11D3-BF4B-00C04F79EFBC}") = "Lekce11", "Lekce11\Lekce11.csproj", "{75905F96-CEDC-46A3-93EF-038F0078B15B}"
EndProject
Project("{FAE04EC0-301F-11D3-BF4B-00C04F79EFBC}") = "Lekce12", "Lekce12\Lekce12.csproj", "{74655C97-3A05-4331-8281-990D5FB6B23E}"
EndProject
Project("{2150E333-8FDC-42A3-9474-1A3956D46DE8}") = "Lekce13", "Lekce13", "{6BE3DF45-B122-4605-8D1C-6576C5DAB975}"
EndProject
Project("{FAE04EC0-301F-11D3-BF4B-00C04F79EFBC}") = "Lekce13", "Lekce13\Lekce13.csproj", "{30867F0E-0741-487B-8EF8-3B8F800EAB19}"
EndProject
Project("{FAE04EC0-301F-11D3-BF4B-00C04F79EFBC}") = "MyApplication.Tests", "MyApplication.Tests\MyApplication.Tests.csproj", "{A421B23A-0CB3-42F8-9470-83FF475F5C91}"
EndProject
Global
	GlobalSection(SolutionConfigurationPlatforms) = preSolution
		Debug|Any CPU = Debug|Any CPU
		Release|Any CPU = Release|Any CPU
	EndGlobalSection
	GlobalSection(ProjectConfigurationPlatforms) = postSolution
		{65FE1415-2488-4178-973D-2C6313598B03}.Debug|Any CPU.ActiveCfg = Debug|Any CPU
		{65FE1415-2488-4178-973D-2C6313598B03}.Debug|Any CPU.Build.0 = Debug|Any CPU
		{65FE1415-2488-4178-973D-2C6313598B03}.Release|Any CPU.ActiveCfg = Release|Any CPU
		{65FE1415-2488-4178-973D-2C6313598B03}.Release|Any CPU.Build.0 = Release|Any CPU
		{8081A1D7-DD87-4854-9A9E-F5C208054933}.Debug|Any CPU.ActiveCfg = Debug|Any CPU
		{8081A1D7-DD87-4854-9A9E-F5C208054933}.Debug|Any CPU.Build.0 = Debug|Any CPU
		{8081A1D7-DD87-4854-9A9E-F5C208054933}.Release|Any CPU.ActiveCfg = Release|Any CPU
		{8081A1D7-DD87-4854-9A9E-F5C208054933}.Release|Any CPU.Build.0 = Release|Any CPU
		{143441F9-4BFB-4D36-9D5E-83CFF6F77DCC}.Debug|Any CPU.ActiveCfg = Debug|Any CPU
		{143441F9-4BFB-4D36-9D5E-83CFF6F77DCC}.Debug|Any CPU.Build.0 = Debug|Any CPU
		{143441F9-4BFB-4D36-9D5E-83CFF6F77DCC}.Release|Any CPU.ActiveCfg = Release|Any CPU
		{143441F9-4BFB-4D36-9D5E-83CFF6F77DCC}.Release|Any CPU.Build.0 = Release|Any CPU
		{0022D6C0-64A1-4E8F-A770-FB2AA53A9ABF}.Debug|Any CPU.ActiveCfg = Debug|Any CPU
		{0022D6C0-64A1-4E8F-A770-FB2AA53A9ABF}.Debug|Any CPU.Build.0 = Debug|Any CPU
		{0022D6C0-64A1-4E8F-A770-FB2AA53A9ABF}.Release|Any CPU.ActiveCfg = Release|Any CPU
		{0022D6C0-64A1-4E8F-A770-FB2AA53A9ABF}.Release|Any CPU.Build.0 = Release|Any CPU
		{C7408811-9A30-4251-B8BC-DA50AA6B679C}.Debug|Any CPU.ActiveCfg = Debug|Any CPU
		{C7408811-9A30-4251-B8BC-DA50AA6B679C}.Debug|Any CPU.Build.0 = Debug|Any CPU
		{C7408811-9A30-4251-B8BC-DA50AA6B679C}.Release|Any CPU.ActiveCfg = Release|Any CPU
		{C7408811-9A30-4251-B8BC-DA50AA6B679C}.Release|Any CPU.Build.0 = Release|Any CPU
		{FFA9EDCA-F15E-4212-B022-8007358D721D}.Debug|Any CPU.ActiveCfg = Debug|Any CPU
		{FFA9EDCA-F15E-4212-B022-8007358D721D}.Debug|Any CPU.Build.0 = Debug|Any CPU
		{FFA9EDCA-F15E-4212-B022-8007358D721D}.Release|Any CPU.ActiveCfg = Release|Any CPU
		{FFA9EDCA-F15E-4212-B022-8007358D721D}.Release|Any CPU.Build.0 = Release|Any CPU
		{76F85D7A-F0D0-4B62-A786-7026C61BDFE4}.Debug|Any CPU.ActiveCfg = Debug|Any CPU
		{76F85D7A-F0D0-4B62-A786-7026C61BDFE4}.Debug|Any CPU.Build.0 = Debug|Any CPU
		{76F85D7A-F0D0-4B62-A786-7026C61BDFE4}.Release|Any CPU.ActiveCfg = Release|Any CPU
		{76F85D7A-F0D0-4B62-A786-7026C61BDFE4}.Release|Any CPU.Build.0 = Release|Any CPU
		{6126FA58-20BE-4492-B952-D58DD9FDFB55}.Debug|Any CPU.ActiveCfg = Debug|Any CPU
		{6126FA58-20BE-4492-B952-D58DD9FDFB55}.Debug|Any CPU.Build.0 = Debug|Any CPU
		{6126FA58-20BE-4492-B952-D58DD9FDFB55}.Release|Any CPU.ActiveCfg = Release|Any CPU
		{6126FA58-20BE-4492-B952-D58DD9FDFB55}.Release|Any CPU.Build.0 = Release|Any CPU
		{75905F96-CEDC-46A3-93EF-038F0078B15B}.Debug|Any CPU.ActiveCfg = Debug|Any CPU
		{75905F96-CEDC-46A3-93EF-038F0078B15B}.Debug|Any CPU.Build.0 = Debug|Any CPU
		{75905F96-CEDC-46A3-93EF-038F0078B15B}.Release|Any CPU.ActiveCfg = Release|Any CPU
		{75905F96-CEDC-46A3-93EF-038F0078B15B}.Release|Any CPU.Build.0 = Release|Any CPU
		{74655C97-3A05-4331-8281-990D5FB6B23E}.Debug|Any CPU.ActiveCfg = Debug|Any CPU
		{74655C97-3A05-4331-8281-990D5FB6B23E}.Debug|Any CPU.Build.0 = Debug|Any CPU
		{74655C97-3A05-4331-8281-990D5FB6B23E}.Release|Any CPU.ActiveCfg = Release|Any CPU
		{74655C97-3A05-4331-8281-990D5FB6B23E}.Release|Any CPU.Build.0 = Release|Any CPU
		{30867F0E-0741-487B-8EF8-3B8F800EAB19}.Debug|Any CPU.ActiveCfg = Debug|Any CPU
		{30867F0E-0741-487B-8EF8-3B8F800EAB19}.Debug|Any CPU.Build.0 = Debug|Any CPU
		{30867F0E-0741-487B-8EF8-3B8F800EAB19}.Release|Any CPU.ActiveCfg = Release|Any CPU
		{30867F0E-0741-487B-8EF8-3B8F800EAB19}.Release|Any CPU.Build.0 = Release|Any CPU
		{A421B23A-0CB3-42F8-9470-83FF475F5C91}.Debug|Any CPU.ActiveCfg = Debug|Any CPU
		{A421B23A-0CB3-42F8-9470-83FF475F5C91}.Debug|Any CPU.Build.0 = Debug|Any CPU
		{A421B23A-0CB3-42F8-9470-83FF475F5C91}.Release|Any CPU.ActiveCfg = Release|Any CPU
		{A421B23A-0CB3-42F8-9470-83FF475F5C91}.Release|Any CPU.Build.0 = Release|Any CPU
	EndGlobalSection
	GlobalSection(SolutionProperties) = preSolution
		HideSolutionNode = FALSE
	EndGlobalSection
	GlobalSection(NestedProjects) = preSolution
		{30867F0E-0741-487B-8EF8-3B8F800EAB19} = {6BE3DF45-B122-4605-8D1C-6576C5DAB975}
		{A421B23A-0CB3-42F8-9470-83FF475F5C91} = {6BE3DF45-B122-4605-8D1C-6576C5DAB975}
	EndGlobalSection
EndGlobal
